
Microsoft Visual Studio Solution File, Format Version 12.00
# Visual Studio Version 17
VisualStudioVersion = 17.2.32616.157
MinimumVisualStudioVersion = 10.0.40219.1
Project("{F184B08F-C81C-45F6-A57F-5ABD9991F28F}") = "Hotel", "Hotel\Hotel.vbproj", "{30ABB439-49A1-4A9E-8032-A0B717E6A19D}"
EndProject
Global
	GlobalSection(SolutionConfigurationPlatforms) = preSolution
		Debug|Any CPU = Debug|Any CPU
		Release|Any CPU = Release|Any CPU
	EndGlobalSection
	GlobalSection(ProjectConfigurationPlatforms) = postSolution
		{30ABB439-49A1-4A9E-8032-A0B717E6A19D}.Debug|Any CPU.ActiveCfg = Debug|Any CPU
		{30ABB439-49A1-4A9E-8032-A0B717E6A19D}.Debug|Any CPU.Build.0 = Debug|Any CPU
		{30ABB439-49A1-4A9E-8032-A0B717E6A19D}.Release|Any CPU.ActiveCfg = Release|Any CPU
		{30ABB439-49A1-4A9E-8032-A0B717E6A19D}.Release|Any CPU.Build.0 = Release|Any CPU
	EndGlobalSection
	GlobalSection(SolutionProperties) = preSolution
		HideSolutionNode = FALSE
	EndGlobalSection
	GlobalSection(ExtensibilityGlobals) = postSolution
		SolutionGuid = {AFA357B1-849C-460B-B0D7-D4D1C257DA44}
	EndGlobalSection
EndGlobal
